
Microsoft Visual Studio Solution File, Format Version 12.00
# Visual Studio Version 17
VisualStudioVersion = 17.1.32210.238
MinimumVisualStudioVersion = 10.0.40219.1
Project("{FAE04EC0-301F-11D3-BF4B-00C04F79EFBC}") = "AnalyzeCOVID19Statistics", "AnalyzeCOVID19Statistics\AnalyzeCOVID19Statistics.csproj", "{EFE2778F-2BE8-4495-8DF8-5CA542A6512B}"
EndProject
Global
	GlobalSection(SolutionConfigurationPlatforms) = preSolution
		Debug|Any CPU = Debug|Any CPU
		Release|Any CPU = Release|Any CPU
	EndGlobalSection
	GlobalSection(ProjectConfigurationPlatforms) = postSolution
		{EFE2778F-2BE8-4495-8DF8-5CA542A6512B}.Debug|Any CPU.ActiveCfg = Debug|Any CPU
		{EFE2778F-2BE8-4495-8DF8-5CA542A6512B}.Debug|Any CPU.Build.0 = Debug|Any CPU
		{EFE2778F-2BE8-4495-8DF8-5CA542A6512B}.Release|Any CPU.ActiveCfg = Release|Any CPU
		{EFE2778F-2BE8-4495-8DF8-5CA542A6512B}.Release|Any CPU.Build.0 = Release|Any CPU
	EndGlobalSection
	GlobalSection(SolutionProperties) = preSolution
		HideSolutionNode = FALSE
	EndGlobalSection
	GlobalSection(ExtensibilityGlobals) = postSolution
		SolutionGuid = {C030BE6B-22EB-43DE-92CC-76E107958086}
	EndGlobalSection
EndGlobal
